PODS:
  - FSCalendar (2.8.4)
  - LicensePlist (3.24.5)
  - lottie-ios (4.1.3)
  - Realm (10.36.0):
    - Realm/Headers (= 10.36.0)
  - Realm/Headers (10.36.0)
  - RealmSwift (10.36.0):
    - Realm (= 10.36.0)

DEPENDENCIES:
  - FSCalendar
  - LicensePlist
  - lottie-ios
  - RealmSwift

SPEC REPOS:
  trunk:
    - FSCalendar
    - LicensePlist
    - lottie-ios
    - Realm
    - RealmSwift

SPEC CHECKSUMS:
  FSCalendar: 2d1d0d9398f12d439f55c1fe0f01525b151b8260
  LicensePlist: 73f511fb77da99b769083ac54d18befcddd972a8
  lottie-ios: d0954d3150061f662ed0adf96ef98d7421864c47
  Realm: 3fd136cb4c83a927482a7f1612496d37beed3cf5
  RealmSwift: 513d4dcbf5bfc4d573454088b592685fc48dd716

PODFILE CHECKSUM: ff2afbfd46d757ac82a5561121a34f602829415c

COCOAPODS: 1.12.0
