// !$*UTF8*$!
{
	archiveVersion = 1;
	classes = {
	};
	objectVersion = 56;
	objects = {

/* Begin PBXBuildFile section */
		2803109D29B8BF470096AB12 /* WashTimeModel.swift in Sources */ = {isa = PBXBuildFile; fileRef = 2803109C29B8BF470096AB12 /* WashTimeModel.swift */; };
		B880BF495601D04654B563BF /* Pods_unoji.framework in Frameworks */ = {isa = PBXBuildFile; fileRef = 6FE7A93B43DC06ABDA2C093D /* Pods_unoji.framework */; };
		E73AA8FF29ABA147001A1315 /* uzura.ttf in Resources */ = {isa = PBXBuildFile; fileRef = E73AA8FE29ABA147001A1315 /* uzura.ttf */; };
		E78F18AC29B39AD300535107 /* flush_water_animation.json in Resources */ = {isa = PBXBuildFile; fileRef = E78F18AB29B39AD300535107 /* flush_water_animation.json */; };
		E79EF5A129AA3FD10049F8B8 /* AppDelegate.swift in Sources */ = {isa = PBXBuildFile; fileRef = E79EF5A029AA3FD10049F8B8 /* AppDelegate.swift */; };
		E79EF5A329AA3FD10049F8B8 /* SceneDelegate.swift in Sources */ = {isa = PBXBuildFile; fileRef = E79EF5A229AA3FD10049F8B8 /* SceneDelegate.swift */; };
		E79EF5A529AA3FD10049F8B8 /* ViewController.swift in Sources */ = {isa = PBXBuildFile; fileRef = E79EF5A429AA3FD10049F8B8 /* ViewController.swift */; };
		E79EF5A829AA3FD10049F8B8 /* Main.storyboard in Resources */ = {isa = PBXBuildFile; fileRef = E79EF5A629AA3FD10049F8B8 /* Main.storyboard */; };
		E79EF5AA29AA3FD90049F8B8 /* Assets.xcassets in Resources */ = {isa = PBXBuildFile; fileRef = E79EF5A929AA3FD90049F8B8 /* Assets.xcassets */; };
		E79EF5AD29AA3FD90049F8B8 /* LaunchScreen.storyboard in Resources */ = {isa = PBXBuildFile; fileRef = E79EF5AB29AA3FD90049F8B8 /* LaunchScreen.storyboard */; };
/* End PBXBuildFile section */

/* Begin PBXFileReference section */
		2803109C29B8BF470096AB12 /* WashTimeModel.swift */ = {isa = PBXFileReference; lastKnownFileType = sourcecode.swift; path = WashTimeModel.swift; sourceTree = "<group>"; };
		6FE7A93B43DC06ABDA2C093D /* Pods_unoji.framework */ = {isa = PBXFileReference; explicitFileType = wrapper.framework; includeInIndex = 0; path = Pods_unoji.framework; sourceTree = BUILT_PRODUCTS_DIR; };
		ABA6BC93DC767C87A9CAECA7 /* Pods-unoji.release.xcconfig */ = {isa = PBXFileReference; includeInIndex = 1; lastKnownFileType = text.xcconfig; name = "Pods-unoji.release.xcconfig"; path = "Target Support Files/Pods-unoji/Pods-unoji.release.xcconfig"; sourceTree = "<group>"; };
		E73AA8FE29ABA147001A1315 /* uzura.ttf */ = {isa = PBXFileReference; lastKnownFileType = file; path = uzura.ttf; sourceTree = "<group>"; };
		E78F18AB29B39AD300535107 /* flush_water_animation.json */ = {isa = PBXFileReference; fileEncoding = 4; lastKnownFileType = text.json; path = flush_water_animation.json; sourceTree = "<group>"; };
		E79EF59D29AA3FD10049F8B8 /* unoji.app */ = {isa = PBXFileReference; explicitFileType = wrapper.application; includeInIndex = 0; path = unoji.app; sourceTree = BUILT_PRODUCTS_DIR; };
		E79EF5A029AA3FD10049F8B8 /* AppDelegate.swift */ = {isa = PBXFileReference; lastKnownFileType = sourcecode.swift; path = AppDelegate.swift; sourceTree = "<group>"; };
		E79EF5A229AA3FD10049F8B8 /* SceneDelegate.swift */ = {isa = PBXFileReference; lastKnownFileType = sourcecode.swift; path = SceneDelegate.swift; sourceTree = "<group>"; };
		E79EF5A429AA3FD10049F8B8 /* ViewController.swift */ = {isa = PBXFileReference; lastKnownFileType = sourcecode.swift; path = ViewController.swift; sourceTree = "<group>"; };
		E79EF5A729AA3FD10049F8B8 /* Base */ = {isa = PBXFileReference; lastKnownFileType = file.storyboard; name = Base; path = Base.lproj/Main.storyboard; sourceTree = "<group>"; };
		E79EF5A929AA3FD90049F8B8 /* Assets.xcassets */ = {isa = PBXFileReference; lastKnownFileType = folder.assetcatalog; path = Assets.xcassets; sourceTree = "<group>"; };
		E79EF5AC29AA3FD90049F8B8 /* Base */ = {isa = PBXFileReference; lastKnownFileType = file.storyboard; name = Base; path = Base.lproj/LaunchScreen.storyboard; sourceTree = "<group>"; };
		E79EF5AE29AA3FD90049F8B8 /* Info.plist */ = {isa = PBXFileReference; lastKnownFileType = text.plist.xml; path = Info.plist; sourceTree = "<group>"; };
		ED0ED81A3E0CEF00FDF5F593 /* Pods-unoji.debug.xcconfig */ = {isa = PBXFileReference; includeInIndex = 1; lastKnownFileType = text.xcconfig; name = "Pods-unoji.debug.xcconfig"; path = "Target Support Files/Pods-unoji/Pods-unoji.debug.xcconfig"; sourceTree = "<group>"; };
/* End PBXFileReference section */

/* Begin PBXFrameworksBuildPhase section */
		E79EF59A29AA3FD10049F8B8 /* Frameworks */ = {
			isa = PBXFrameworksBuildPhase;
			buildActionMask = 2147483647;
			files = (
				B880BF495601D04654B563BF /* Pods_unoji.framework in Frameworks */,
			);
			runOnlyForDeploymentPostprocessing = 0;
		};
/* End PBXFrameworksBuildPhase section */

/* Begin PBXGroup section */
		2818F48829B8B813000270CE /* Model */ = {
			isa = PBXGroup;
			children = (
				2803109C29B8BF470096AB12 /* WashTimeModel.swift */,
			);
			path = Model;
			sourceTree = "<group>";
		};
		2818F48929B8B81B000270CE /* View */ = {
			isa = PBXGroup;
			children = (
				E79EF5A629AA3FD10049F8B8 /* Main.storyboard */,
			);
			path = View;
			sourceTree = "<group>";
		};
		2818F48A29B8B823000270CE /* Controller */ = {
			isa = PBXGroup;
			children = (
				E79EF5A429AA3FD10049F8B8 /* ViewController.swift */,
			);
			path = Controller;
			sourceTree = "<group>";
		};
		E71A74D45579B9C254459757 /* Frameworks */ = {
			isa = PBXGroup;
			children = (
				6FE7A93B43DC06ABDA2C093D /* Pods_unoji.framework */,
			);
			name = Frameworks;
			sourceTree = "<group>";
		};
		E79EF59429AA3FD10049F8B8 = {
			isa = PBXGroup;
			children = (
				E79EF59F29AA3FD10049F8B8 /* unoji */,
				E79EF59E29AA3FD10049F8B8 /* Products */,
				FFF780A15AFEB191254AA316 /* Pods */,
				E71A74D45579B9C254459757 /* Frameworks */,
			);
			sourceTree = "<group>";
		};
		E79EF59E29AA3FD10049F8B8 /* Products */ = {
			isa = PBXGroup;
			children = (
				E79EF59D29AA3FD10049F8B8 /* unoji.app */,
			);
			name = Products;
			sourceTree = "<group>";
		};
		E79EF59F29AA3FD10049F8B8 /* unoji */ = {
			isa = PBXGroup;
			children = (
				E7B41E3729AB945300ACEAF5 /* font */,
				E79EF5A029AA3FD10049F8B8 /* AppDelegate.swift */,
				E79EF5A229AA3FD10049F8B8 /* SceneDelegate.swift */,
				E79EF5A929AA3FD90049F8B8 /* Assets.xcassets */,
				E79EF5AB29AA3FD90049F8B8 /* LaunchScreen.storyboard */,
				E79EF5AE29AA3FD90049F8B8 /* Info.plist */,
				E78F18AB29B39AD300535107 /* flush_water_animation.json */,
			);
			path = unoji;
			sourceTree = "<group>";
		};
		E7B41E3729AB945300ACEAF5 /* font */ = {
			isa = PBXGroup;
			children = (
				2818F48829B8B813000270CE /* Model */,
				2818F48929B8B81B000270CE /* View */,
				2818F48A29B8B823000270CE /* Controller */,
				E73AA8FE29ABA147001A1315 /* uzura.ttf */,
			);
			path = font;
			sourceTree = "<group>";
		};
		FFF780A15AFEB191254AA316 /* Pods */ = {
			isa = PBXGroup;
			children = (
				ED0ED81A3E0CEF00FDF5F593 /* Pods-unoji.debug.xcconfig */,
				ABA6BC93DC767C87A9CAECA7 /* Pods-unoji.release.xcconfig */,
			);
			path = Pods;
			sourceTree = "<group>";
		};
/* End PBXGroup section */

/* Begin PBXNativeTarget section */
		E79EF59C29AA3FD10049F8B8 /* unoji */ = {
			isa = PBXNativeTarget;
			buildConfigurationList = E79EF5B129AA3FD90049F8B8 /* Build configuration list for PBXNativeTarget "unoji" */;
			buildPhases = (
				9390E2E20A1FDD9DBFD378CB /* [CP] Check Pods Manifest.lock */,
				E79EF59929AA3FD10049F8B8 /* Sources */,
				E79EF59A29AA3FD10049F8B8 /* Frameworks */,
				E79EF59B29AA3FD10049F8B8 /* Resources */,
				28C788DE29B625440020A835 /* Run SwiftLint */,
				1EE1A16CAEFDFA99EEF3D5C9 /* [CP] Embed Pods Frameworks */,
			);
			buildRules = (
			);
			dependencies = (
			);
			name = unoji;
			productName = unoji;
			productReference = E79EF59D29AA3FD10049F8B8 /* unoji.app */;
			productType = "com.apple.product-type.application";
		};
/* End PBXNativeTarget section */

/* Begin PBXProject section */
		E79EF59529AA3FD10049F8B8 /* Project object */ = {
			isa = PBXProject;
			attributes = {
				BuildIndependentTargetsInParallel = 1;
				LastSwiftUpdateCheck = 1410;
				LastUpgradeCheck = 1410;
				TargetAttributes = {
					E79EF59C29AA3FD10049F8B8 = {
						CreatedOnToolsVersion = 14.1;
					};
				};
			};
			buildConfigurationList = E79EF59829AA3FD10049F8B8 /* Build configuration list for PBXProject "unoji" */;
			compatibilityVersion = "Xcode 14.0";
			developmentRegion = en;
			hasScannedForEncodings = 0;
			knownRegions = (
				en,
				Base,
			);
			mainGroup = E79EF59429AA3FD10049F8B8;
			productRefGroup = E79EF59E29AA3FD10049F8B8 /* Products */;
			projectDirPath = "";
			projectRoot = "";
			targets = (
				E79EF59C29AA3FD10049F8B8 /* unoji */,
			);
		};
/* End PBXProject section */

/* Begin PBXResourcesBuildPhase section */
		E79EF59B29AA3FD10049F8B8 /* Resources */ = {
			isa = PBXResourcesBuildPhase;
			buildActionMask = 2147483647;
			files = (
				E79EF5AD29AA3FD90049F8B8 /* LaunchScreen.storyboard in Resources */,
				E79EF5AA29AA3FD90049F8B8 /* Assets.xcassets in Resources */,
				E73AA8FF29ABA147001A1315 /* uzura.ttf in Resources */,
				E78F18AC29B39AD300535107 /* flush_water_animation.json in Resources */,
				E79EF5A829AA3FD10049F8B8 /* Main.storyboard in Resources */,
			);
			runOnlyForDeploymentPostprocessing = 0;
		};
/* End PBXResourcesBuildPhase section */

/* Begin PBXShellScriptBuildPhase section */
		1EE1A16CAEFDFA99EEF3D5C9 /* [CP] Embed Pods Frameworks */ = {
			isa = PBXShellScriptBuildPhase;
			buildActionMask = 2147483647;
			files = (
			);
			inputFileListPaths = (
				"${PODS_ROOT}/Target Support Files/Pods-unoji/Pods-unoji-frameworks-${CONFIGURATION}-input-files.xcfilelist",
			);
			name = "[CP] Embed Pods Frameworks";
			outputFileListPaths = (
				"${PODS_ROOT}/Target Support Files/Pods-unoji/Pods-unoji-frameworks-${CONFIGURATION}-output-files.xcfilelist",
			);
			runOnlyForDeploymentPostprocessing = 0;
			shellPath = /bin/sh;
			shellScript = "\"${PODS_ROOT}/Target Support Files/Pods-unoji/Pods-unoji-frameworks.sh\"\n";
			showEnvVarsInLog = 0;
		};
		28C788DE29B625440020A835 /* Run SwiftLint */ = {
			isa = PBXShellScriptBuildPhase;
			alwaysOutOfDate = 1;
			buildActionMask = 2147483647;
			files = (
			);
			inputFileListPaths = (
			);
			inputPaths = (
			);
			name = "Run SwiftLint";
			outputFileListPaths = (
			);
			outputPaths = (
			);
			runOnlyForDeploymentPostprocessing = 0;
			shellPath = /bin/sh;
			shellScript = "# Type a script or drag a script file from your workspace to insert its path.\nif which swiftlint >/dev/null; then\n  swiftlint autocorrect --format # 自動修正の有効化\n  swiftlint\nelse\n  echo \"SwiftLint does not exist, download from https://github.com/realm/SwiftLint\"\nfi\n";
		};
		9390E2E20A1FDD9DBFD378CB /* [CP] Check Pods Manifest.lock */ = {
			isa = PBXShellScriptBuildPhase;
			buildActionMask = 2147483647;
			files = (
			);
			inputFileListPaths = (
			);
			inputPaths = (
				"${PODS_PODFILE_DIR_PATH}/Podfile.lock",
				"${PODS_ROOT}/Manifest.lock",
			);
			name = "[CP] Check Pods Manifest.lock";
			outputFileListPaths = (
			);
			outputPaths = (
				"$(DERIVED_FILE_DIR)/Pods-unoji-checkManifestLockResult.txt",
			);
			runOnlyForDeploymentPostprocessing = 0;
			shellPath = /bin/sh;
			shellScript = "diff \"${PODS_PODFILE_DIR_PATH}/Podfile.lock\" \"${PODS_ROOT}/Manifest.lock\" > /dev/null\nif [ $? != 0 ] ; then\n    # print error to STDERR\n    echo \"error: The sandbox is not in sync with the Podfile.lock. Run 'pod install' or update your CocoaPods installation.\" >&2\n    exit 1\nfi\n# This output is used by Xcode 'outputs' to avoid re-running this script phase.\necho \"SUCCESS\" > \"${SCRIPT_OUTPUT_FILE_0}\"\n";
			showEnvVarsInLog = 0;
		};
/* End PBXShellScriptBuildPhase section */

/* Begin PBXSourcesBuildPhase section */
		E79EF59929AA3FD10049F8B8 /* Sources */ = {
			isa = PBXSourcesBuildPhase;
			buildActionMask = 2147483647;
			files = (
				E79EF5A529AA3FD10049F8B8 /* ViewController.swift in Sources */,
				2803109D29B8BF470096AB12 /* WashTimeModel.swift in Sources */,
				E79EF5A129AA3FD10049F8B8 /* AppDelegate.swift in Sources */,
				E79EF5A329AA3FD10049F8B8 /* SceneDelegate.swift in Sources */,
			);
			runOnlyForDeploymentPostprocessing = 0;
		};
/* End PBXSourcesBuildPhase section */

/* Begin PBXVariantGroup section */
		E79EF5A629AA3FD10049F8B8 /* Main.storyboard */ = {
			isa = PBXVariantGroup;
			children = (
				E79EF5A729AA3FD10049F8B8 /* Base */,
			);
			name = Main.storyboard;
			sourceTree = "<group>";
		};
		E79EF5AB29AA3FD90049F8B8 /* LaunchScreen.storyboard */ = {
			isa = PBXVariantGroup;
			children = (
				E79EF5AC29AA3FD90049F8B8 /* Base */,
			);
			name = LaunchScreen.storyboard;
			sourceTree = "<group>";
		};
/* End PBXVariantGroup section */

/* Begin XCBuildConfiguration section */
		E79EF5AF29AA3FD90049F8B8 /* Debug */ = {
			isa = XCBuildConfiguration;
			buildSettings = {
				ALWAYS_SEARCH_USER_PATHS = NO;
				CLANG_ANALYZER_NONNULL = YES;
				CLANG_ANALYZER_NUMBER_OBJECT_CONVERSION = YES_AGGRESSIVE;
				CLANG_CXX_LANGUAGE_STANDARD = "gnu++20";
				CLANG_ENABLE_MODULES = YES;
				CLANG_ENABLE_OBJC_ARC = YES;
				CLANG_ENABLE_OBJC_WEAK = YES;
				CLANG_WARN_BLOCK_CAPTURE_AUTORELEASING = YES;
				CLANG_WARN_BOOL_CONVERSION = YES;
				CLANG_WARN_COMMA = YES;
				CLANG_WARN_CONSTANT_CONVERSION = YES;
				CLANG_WARN_DEPRECATED_OBJC_IMPLEMENTATIONS = YES;
				CLANG_WARN_DIRECT_OBJC_ISA_USAGE = YES_ERROR;
				CLANG_WARN_DOCUMENTATION_COMMENTS = YES;
				CLANG_WARN_EMPTY_BODY = YES;
				CLANG_WARN_ENUM_CONVERSION = YES;
				CLANG_WARN_INFINITE_RECURSION = YES;
				CLANG_WARN_INT_CONVERSION = YES;
				CLANG_WARN_NON_LITERAL_NULL_CONVERSION = YES;
				CLANG_WARN_OBJC_IMPLICIT_RETAIN_SELF = YES;
				CLANG_WARN_OBJC_LITERAL_CONVERSION = YES;
				CLANG_WARN_OBJC_ROOT_CLASS = YES_ERROR;
				CLANG_WARN_QUOTED_INCLUDE_IN_FRAMEWORK_HEADER = YES;
				CLANG_WARN_RANGE_LOOP_ANALYSIS = YES;
				CLANG_WARN_STRICT_PROTOTYPES = YES;
				CLANG_WARN_SUSPICIOUS_MOVE = YES;
				CLANG_WARN_UNGUARDED_AVAILABILITY = YES_AGGRESSIVE;
				CLANG_WARN_UNREACHABLE_CODE = YES;
				CLANG_WARN__DUPLICATE_METHOD_MATCH = YES;
				COPY_PHASE_STRIP = NO;
				DEBUG_INFORMATION_FORMAT = dwarf;
				ENABLE_STRICT_OBJC_MSGSEND = YES;
				ENABLE_TESTABILITY = YES;
				GCC_C_LANGUAGE_STANDARD = gnu11;
				GCC_DYNAMIC_NO_PIC = NO;
				GCC_NO_COMMON_BLOCKS = YES;
				GCC_OPTIMIZATION_LEVEL = 0;
				GCC_PREPROCESSOR_DEFINITIONS = (
					"DEBUG=1",
					"$(inherited)",
				);
				GCC_WARN_64_TO_32_BIT_CONVERSION = YES;
				GCC_WARN_ABOUT_RETURN_TYPE = YES_ERROR;
				GCC_WARN_UNDECLARED_SELECTOR = YES;
				GCC_WARN_UNINITIALIZED_AUTOS = YES_AGGRESSIVE;
				GCC_WARN_UNUSED_FUNCTION = YES;
				GCC_WARN_UNUSED_VARIABLE = YES;
				IPHONEOS_DEPLOYMENT_TARGET = 16.1;
				MTL_ENABLE_DEBUG_INFO = INCLUDE_SOURCE;
				MTL_FAST_MATH = YES;
				ONLY_ACTIVE_ARCH = YES;
				SDKROOT = iphoneos;
				SWIFT_ACTIVE_COMPILATION_CONDITIONS = DEBUG;
				SWIFT_OPTIMIZATION_LEVEL = "-Onone";
			};
			name = Debug;
		};
		E79EF5B029AA3FD90049F8B8 /* Release */ = {
			isa = XCBuildConfiguration;
			buildSettings = {
				ALWAYS_SEARCH_USER_PATHS = NO;
				CLANG_ANALYZER_NONNULL = YES;
				CLANG_ANALYZER_NUMBER_OBJECT_CONVERSION = YES_AGGRESSIVE;
				CLANG_CXX_LANGUAGE_STANDARD = "gnu++20";
				CLANG_ENABLE_MODULES = YES;
				CLANG_ENABLE_OBJC_ARC = YES;
				CLANG_ENABLE_OBJC_WEAK = YES;
				CLANG_WARN_BLOCK_CAPTURE_AUTORELEASING = YES;
				CLANG_WARN_BOOL_CONVERSION = YES;
				CLANG_WARN_COMMA = YES;
				CLANG_WARN_CONSTANT_CONVERSION = YES;
				CLANG_WARN_DEPRECATED_OBJC_IMPLEMENTATIONS = YES;
				CLANG_WARN_DIRECT_OBJC_ISA_USAGE = YES_ERROR;
				CLANG_WARN_DOCUMENTATION_COMMENTS = YES;
				CLANG_WARN_EMPTY_BODY = YES;
				CLANG_WARN_ENUM_CONVERSION = YES;
				CLANG_WARN_INFINITE_RECURSION = YES;
				CLANG_WARN_INT_CONVERSION = YES;
				CLANG_WARN_NON_LITERAL_NULL_CONVERSION = YES;
				CLANG_WARN_OBJC_IMPLICIT_RETAIN_SELF = YES;
				CLANG_WARN_OBJC_LITERAL_CONVERSION = YES;
				CLANG_WARN_OBJC_ROOT_CLASS = YES_ERROR;
				CLANG_WARN_QUOTED_INCLUDE_IN_FRAMEWORK_HEADER = YES;
				CLANG_WARN_RANGE_LOOP_ANALYSIS = YES;
				CLANG_WARN_STRICT_PROTOTYPES = YES;
				CLANG_WARN_SUSPICIOUS_MOVE = YES;
				CLANG_WARN_UNGUARDED_AVAILABILITY = YES_AGGRESSIVE;
				CLANG_WARN_UNREACHABLE_CODE = YES;
				CLANG_WARN__DUPLICATE_METHOD_MATCH = YES;
				COPY_PHASE_STRIP = NO;
				DEBUG_INFORMATION_FORMAT = "dwarf-with-dsym";
				ENABLE_NS_ASSERTIONS = NO;
				ENABLE_STRICT_OBJC_MSGSEND = YES;
				GCC_C_LANGUAGE_STANDARD = gnu11;
				GCC_NO_COMMON_BLOCKS = YES;
				GCC_WARN_64_TO_32_BIT_CONVERSION = YES;
				GCC_WARN_ABOUT_RETURN_TYPE = YES_ERROR;
				GCC_WARN_UNDECLARED_SELECTOR = YES;
				GCC_WARN_UNINITIALIZED_AUTOS = YES_AGGRESSIVE;
				GCC_WARN_UNUSED_FUNCTION = YES;
				GCC_WARN_UNUSED_VARIABLE = YES;
				IPHONEOS_DEPLOYMENT_TARGET = 16.1;
				MTL_ENABLE_DEBUG_INFO = NO;
				MTL_FAST_MATH = YES;
				SDKROOT = iphoneos;
				SWIFT_COMPILATION_MODE = wholemodule;
				SWIFT_OPTIMIZATION_LEVEL = "-O";
				VALIDATE_PRODUCT = YES;
			};
			name = Release;
		};
		E79EF5B229AA3FD90049F8B8 /* Debug */ = {
			isa = XCBuildConfiguration;
			baseConfigurationReference = ED0ED81A3E0CEF00FDF5F593 /* Pods-unoji.debug.xcconfig */;
			buildSettings = {
				ASSETCATALOG_COMPILER_APPICON_NAME = AppIcon;
				ASSETCATALOG_COMPILER_GLOBAL_ACCENT_COLOR_NAME = AccentColor;
				CODE_SIGN_STYLE = Automatic;
				CURRENT_PROJECT_VERSION = 1;
				DEVELOPMENT_TEAM = N2SYM75F37;
				GENERATE_INFOPLIST_FILE = YES;
				INFOPLIST_FILE = unoji/Info.plist;
				INFOPLIST_KEY_LSApplicationCategoryType = "";
				INFOPLIST_KEY_UIApplicationSupportsIndirectInputEvents = YES;
				INFOPLIST_KEY_UILaunchStoryboardName = LaunchScreen;
				INFOPLIST_KEY_UIMainStoryboardFile = Main;
				INFOPLIST_KEY_UISupportedInterfaceOrientations_iPad = "UIInterfaceOrientationPortrait UIInterfaceOrientationPortraitUpsideDown UIInterfaceOrientationLandscapeLeft UIInterfaceOrientationLandscapeRight";
				INFOPLIST_KEY_UISupportedInterfaceOrientations_iPhone = "UIInterfaceOrientationPortrait UIInterfaceOrientationLandscapeLeft UIInterfaceOrientationLandscapeRight";
				LD_RUNPATH_SEARCH_PATHS = (
					"$(inherited)",
					"@executable_path/Frameworks",
				);
				MARKETING_VERSION = 1.0;
				PRODUCT_BUNDLE_IDENTIFIER = com.yusuke.unoji;
				PRODUCT_NAME = "$(TARGET_NAME)";
				SWIFT_EMIT_LOC_STRINGS = YES;
				SWIFT_VERSION = 5.0;
				TARGETED_DEVICE_FAMILY = "1,2";
			};
			name = Debug;
		};
		E79EF5B329AA3FD90049F8B8 /* Release */ = {
			isa = XCBuildConfiguration;
			baseConfigurationReference = ABA6BC93DC767C87A9CAECA7 /* Pods-unoji.release.xcconfig */;
			buildSettings = {
				ASSETCATALOG_COMPILER_APPICON_NAME = AppIcon;
				ASSETCATALOG_COMPILER_GLOBAL_ACCENT_COLOR_NAME = AccentColor;
				CODE_SIGN_STYLE = Automatic;
				CURRENT_PROJECT_VERSION = 1;
				DEVELOPMENT_TEAM = N2SYM75F37;
				GENERATE_INFOPLIST_FILE = YES;
				INFOPLIST_FILE = unoji/Info.plist;
				INFOPLIST_KEY_LSApplicationCategoryType = "";
				INFOPLIST_KEY_UIApplicationSupportsIndirectInputEvents = YES;
				INFOPLIST_KEY_UILaunchStoryboardName = LaunchScreen;
				INFOPLIST_KEY_UIMainStoryboardFile = Main;
				INFOPLIST_KEY_UISupportedInterfaceOrientations_iPad = "UIInterfaceOrientationPortrait UIInterfaceOrientationPortraitUpsideDown UIInterfaceOrientationLandscapeLeft UIInterfaceOrientationLandscapeRight";
				INFOPLIST_KEY_UISupportedInterfaceOrientations_iPhone = "UIInterfaceOrientationPortrait UIInterfaceOrientationLandscapeLeft UIInterfaceOrientationLandscapeRight";
				LD_RUNPATH_SEARCH_PATHS = (
					"$(inherited)",
					"@executable_path/Frameworks",
				);
				MARKETING_VERSION = 1.0;
				PRODUCT_BUNDLE_IDENTIFIER = com.yusuke.unoji;
				PRODUCT_NAME = "$(TARGET_NAME)";
				SWIFT_EMIT_LOC_STRINGS = YES;
				SWIFT_VERSION = 5.0;
				TARGETED_DEVICE_FAMILY = "1,2";
			};
			name = Release;
		};
/* End XCBuildConfiguration section */

/* Begin XCConfigurationList section */
		E79EF59829AA3FD10049F8B8 /* Build configuration list for PBXProject "unoji" */ = {
			isa = XCConfigurationList;
			buildConfigurations = (
				E79EF5AF29AA3FD90049F8B8 /* Debug */,
				E79EF5B029AA3FD90049F8B8 /* Release */,
			);
			defaultConfigurationIsVisible = 0;
			defaultConfigurationName = Release;
		};
		E79EF5B129AA3FD90049F8B8 /* Build configuration list for PBXNativeTarget "unoji" */ = {
			isa = XCConfigurationList;
			buildConfigurations = (
				E79EF5B229AA3FD90049F8B8 /* Debug */,
				E79EF5B329AA3FD90049F8B8 /* Release */,
			);
			defaultConfigurationIsVisible = 0;
			defaultConfigurationName = Release;
		};
/* End XCConfigurationList section */
	};
	rootObject = E79EF59529AA3FD10049F8B8 /* Project object */;
}
